
Microsoft Visual Studio Solution File, Format Version 12.00
# Visual Studio Version 17
VisualStudioVersion = 17.1.32210.238
MinimumVisualStudioVersion = 10.0.40219.1
Project("{9A19103F-16F7-4668-BE54-9A1E7A4F7556}") = "DeckOfCards", "DeckOfCards\DeckOfCards.csproj", "{D8B1B5E9-FFEA-488B-A4A2-EEF3D8FC97BC}"
EndProject
Project("{FAE04EC0-301F-11D3-BF4B-00C04F79EFBC}") = "GenericQueue", "GenericQueue\GenericQueue.csproj", "{548FB346-4B0D-463F-BE05-47C49B79DC06}"
EndProject
Global
	GlobalSection(SolutionConfigurationPlatforms) = preSolution
		Debug|Any CPU = Debug|Any CPU
		Release|Any CPU = Release|Any CPU
	EndGlobalSection
	GlobalSection(ProjectConfigurationPlatforms) = postSolution
		{D8B1B5E9-FFEA-488B-A4A2-EEF3D8FC97BC}.Debug|Any CPU.ActiveCfg = Debug|Any CPU
		{D8B1B5E9-FFEA-488B-A4A2-EEF3D8FC97BC}.Debug|Any CPU.Build.0 = Debug|Any CPU
		{D8B1B5E9-FFEA-488B-A4A2-EEF3D8FC97BC}.Release|Any CPU.ActiveCfg = Release|Any CPU
		{D8B1B5E9-FFEA-488B-A4A2-EEF3D8FC97BC}.Release|Any CPU.Build.0 = Release|Any CPU
		{548FB346-4B0D-463F-BE05-47C49B79DC06}.Debug|Any CPU.ActiveCfg = Debug|Any CPU
		{548FB346-4B0D-463F-BE05-47C49B79DC06}.Debug|Any CPU.Build.0 = Debug|Any CPU
		{548FB346-4B0D-463F-BE05-47C49B79DC06}.Release|Any CPU.ActiveCfg = Release|Any CPU
		{548FB346-4B0D-463F-BE05-47C49B79DC06}.Release|Any CPU.Build.0 = Release|Any CPU
	EndGlobalSection
	GlobalSection(SolutionProperties) = preSolution
		HideSolutionNode = FALSE
	EndGlobalSection
	GlobalSection(ExtensibilityGlobals) = postSolution
		SolutionGuid = {F284EAAC-8789-483D-9629-206EC6F55F60}
	EndGlobalSection
EndGlobal
